// !$*UTF8*$!
{
	archiveVersion = 1;
	classes = {
	};
	objectVersion = 46;
	objects = {

/* Begin PBXBuildFile section */
		BA0AE8FF1DFE80E400AFF9E0 /* YNRippleAnimatView.m in Sources */ = {isa = PBXBuildFile; fileRef = BA0AE8FE1DFE80E400AFF9E0 /* YNRippleAnimatView.m */; };
		BADA6FBD1DFA6919009B1600 /* main.m in Sources */ = {isa = PBXBuildFile; fileRef = BADA6FBC1DFA6919009B1600 /* main.m */; };
		BADA6FC01DFA691A009B1600 /* AppDelegate.m in Sources */ = {isa = PBXBuildFile; fileRef = BADA6FBF1DFA691A009B1600 /* AppDelegate.m */; };
		BADA6FC31DFA691A009B1600 /* ViewController.m in Sources */ = {isa = PBXBuildFile; fileRef = BADA6FC21DFA691A009B1600 /* ViewController.m */; };
		BADA6FC61DFA691A009B1600 /* Main.storyboard in Resources */ = {isa = PBXBuildFile; fileRef = BADA6FC41DFA691A009B1600 /* Main.storyboard */; };
		BADA6FC81DFA691A009B1600 /* Assets.xcassets in Resources */ = {isa = PBXBuildFile; fileRef = BADA6FC71DFA691A009B1600 /* Assets.xcassets */; };
		BADA6FCB1DFA691A009B1600 /* LaunchScreen.storyboard in Resources */ = {isa = PBXBuildFile; fileRef = BADA6FC91DFA691A009B1600 /* LaunchScreen.storyboard */; };
		BADA6FD41DFA6B55009B1600 /* YNCircleAnimatView.m in Sources */ = {isa = PBXBuildFile; fileRef = BADA6FD31DFA6B55009B1600 /* YNCircleAnimatView.m */; };
/* End PBXBuildFile section */

/* Begin PBXFileReference section */
		BA0AE8FD1DFE80E400AFF9E0 /* YNRippleAnimatView.h */ = {isa = PBXFileReference; fileEncoding = 4; lastKnownFileType = sourcecode.c.h; path = YNRippleAnimatView.h; sourceTree = "<group>"; };
		BA0AE8FE1DFE80E400AFF9E0 /* YNRippleAnimatView.m */ = {isa = PBXFileReference; fileEncoding = 4; lastKnownFileType = sourcecode.c.objc; path = YNRippleAnimatView.m; sourceTree = "<group>"; };
		BADA6FB81DFA6919009B1600 /* YNCircleAnimation.app */ = {isa = PBXFileReference; explicitFileType = wrapper.application; includeInIndex = 0; path = YNCircleAnimation.app; sourceTree = BUILT_PRODUCTS_DIR; };
		BADA6FBC1DFA6919009B1600 /* main.m */ = {isa = PBXFileReference; lastKnownFileType = sourcecode.c.objc; path = main.m; sourceTree = "<group>"; };
		BADA6FBE1DFA6919009B1600 /* AppDelegate.h */ = {isa = PBXFileReference; lastKnownFileType = sourcecode.c.h; path = AppDelegate.h; sourceTree = "<group>"; };
		BADA6FBF1DFA691A009B1600 /* AppDelegate.m */ = {isa = PBXFileReference; lastKnownFileType = sourcecode.c.objc; path = AppDelegate.m; sourceTree = "<group>"; };
		BADA6FC11DFA691A009B1600 /* ViewController.h */ = {isa = PBXFileReference; lastKnownFileType = sourcecode.c.h; path = ViewController.h; sourceTree = "<group>"; };
		BADA6FC21DFA691A009B1600 /* ViewController.m */ = {isa = PBXFileReference; lastKnownFileType = sourcecode.c.objc; path = ViewController.m; sourceTree = "<group>"; };
		BADA6FC51DFA691A009B1600 /* Base */ = {isa = PBXFileReference; lastKnownFileType = file.storyboard; name = Base; path = Base.lproj/Main.storyboard; sourceTree = "<group>"; };
		BADA6FC71DFA691A009B1600 /* Assets.xcassets */ = {isa = PBXFileReference; lastKnownFileType = folder.assetcatalog; path = Assets.xcassets; sourceTree = "<group>"; };
		BADA6FCA1DFA691A009B1600 /* Base */ = {isa = PBXFileReference; lastKnownFileType = file.storyboard; name = Base; path = Base.lproj/LaunchScreen.storyboard; sourceTree = "<group>"; };
		BADA6FCC1DFA691A009B1600 /* Info.plist */ = {isa = PBXFileReference; lastKnownFileType = text.plist.xml; path = Info.plist; sourceTree = "<group>"; };
		BADA6FD21DFA6B55009B1600 /* YNCircleAnimatView.h */ = {isa = PBXFileReference; fileEncoding = 4; lastKnownFileType = sourcecode.c.h; path = YNCircleAnimatView.h; sourceTree = "<group>"; };
		BADA6FD31DFA6B55009B1600 /* YNCircleAnimatView.m */ = {isa = PBXFileReference; fileEncoding = 4; lastKnownFileType = sourcecode.c.objc; path = YNCircleAnimatView.m; sourceTree = "<group>"; };
/* End PBXFileReference section */

/* Begin PBXFrameworksBuildPhase section */
		BADA6FB51DFA6919009B1600 /* Frameworks */ = {
			isa = PBXFrameworksBuildPhase;
			buildActionMask = 2147483647;
			files = (
			);
			runOnlyForDeploymentPostprocessing = 0;
		};
/* End PBXFrameworksBuildPhase section */

/* Begin PBXGroup section */
		BADA6FAF1DFA6918009B1600 = {
			isa = PBXGroup;
			children = (
				BADA6FBA1DFA6919009B1600 /* YNCircleAnimation */,
				BADA6FB91DFA6919009B1600 /* Products */,
			);
			sourceTree = "<group>";
		};
		BADA6FB91DFA6919009B1600 /* Products */ = {
			isa = PBXGroup;
			children = (
				BADA6FB81DFA6919009B1600 /* YNCircleAnimation.app */,
			);
			name = Products;
			sourceTree = "<group>";
		};
		BADA6FBA1DFA6919009B1600 /* YNCircleAnimation */ = {
			isa = PBXGroup;
			children = (
				BADA6FBE1DFA6919009B1600 /* AppDelegate.h */,
				BADA6FBF1DFA691A009B1600 /* AppDelegate.m */,
				BADA6FC11DFA691A009B1600 /* ViewController.h */,
				BADA6FC21DFA691A009B1600 /* ViewController.m */,
				BADA6FD21DFA6B55009B1600 /* YNCircleAnimatView.h */,
				BADA6FD31DFA6B55009B1600 /* YNCircleAnimatView.m */,
				BA0AE8FD1DFE80E400AFF9E0 /* YNRippleAnimatView.h */,
				BA0AE8FE1DFE80E400AFF9E0 /* YNRippleAnimatView.m */,
				BADA6FC41DFA691A009B1600 /* Main.storyboard */,
				BADA6FC71DFA691A009B1600 /* Assets.xcassets */,
				BADA6FC91DFA691A009B1600 /* LaunchScreen.storyboard */,
				BADA6FCC1DFA691A009B1600 /* Info.plist */,
				BADA6FBB1DFA6919009B1600 /* Supporting Files */,
			);
			path = YNCircleAnimation;
			sourceTree = "<group>";
		};
		BADA6FBB1DFA6919009B1600 /* Supporting Files */ = {
			isa = PBXGroup;
			children = (
				BADA6FBC1DFA6919009B1600 /* main.m */,
			);
			name = "Supporting Files";
			sourceTree = "<group>";
		};
/* End PBXGroup section */

/* Begin PBXNativeTarget section */
		BADA6FB71DFA6919009B1600 /* YNCircleAnimation */ = {
			isa = PBXNativeTarget;
			buildConfigurationList = BADA6FCF1DFA691A009B1600 /* Build configuration list for PBXNativeTarget "YNCircleAnimation" */;
			buildPhases = (
				BADA6FB41DFA6919009B1600 /* Sources */,
				BADA6FB51DFA6919009B1600 /* Frameworks */,
				BADA6FB61DFA6919009B1600 /* Resources */,
			);
			buildRules = (
			);
			dependencies = (
			);
			name = YNCircleAnimation;
			productName = YNCircleAnimation;
			productReference = BADA6FB81DFA6919009B1600 /* YNCircleAnimation.app */;
			productType = "com.apple.product-type.application";
		};
/* End PBXNativeTarget section */

/* Begin PBXProject section */
		BADA6FB01DFA6919009B1600 /* Project object */ = {
			isa = PBXProject;
			attributes = {
				LastUpgradeCheck = 0810;
				ORGANIZATIONNAME = Jessica;
				TargetAttributes = {
					BADA6FB71DFA6919009B1600 = {
						CreatedOnToolsVersion = 8.1;
						DevelopmentTeam = 3J2S4R2776;
						ProvisioningStyle = Automatic;
					};
				};
			};
			buildConfigurationList = BADA6FB31DFA6919009B1600 /* Build configuration list for PBXProject "YNCircleAnimation" */;
			compatibilityVersion = "Xcode 3.2";
			developmentRegion = English;
			hasScannedForEncodings = 0;
			knownRegions = (
				en,
				Base,
			);
			mainGroup = BADA6FAF1DFA6918009B1600;
			productRefGroup = BADA6FB91DFA6919009B1600 /* Products */;
			projectDirPath = "";
			projectRoot = "";
			targets = (
				BADA6FB71DFA6919009B1600 /* YNCircleAnimation */,
			);
		};
/* End PBXProject section */

/* Begin PBXResourcesBuildPhase section */
		BADA6FB61DFA6919009B1600 /* Resources */ = {
			isa = PBXResourcesBuildPhase;
			buildActionMask = 2147483647;
			files = (
				BADA6FCB1DFA691A009B1600 /* LaunchScreen.storyboard in Resources */,
				BADA6FC81DFA691A009B1600 /* Assets.xcassets in Resources */,
				BADA6FC61DFA691A009B1600 /* Main.storyboard in Resources */,
			);
			runOnlyForDeploymentPostprocessing = 0;
		};
/* End PBXResourcesBuildPhase section */

/* Begin PBXSourcesBuildPhase section */
		BADA6FB41DFA6919009B1600 /* Sources */ = {
			isa = PBXSourcesBuildPhase;
			buildActionMask = 2147483647;
			files = (
				BADA6FC31DFA691A009B1600 /* ViewController.m in Sources */,
				BADA6FD41DFA6B55009B1600 /* YNCircleAnimatView.m in Sources */,
				BADA6FC01DFA691A009B1600 /* AppDelegate.m in Sources */,
				BADA6FBD1DFA6919009B1600 /* main.m in Sources */,
				BA0AE8FF1DFE80E400AFF9E0 /* YNRippleAnimatView.m in Sources */,
			);
			runOnlyForDeploymentPostprocessing = 0;
		};
/* End PBXSourcesBuildPhase section */

/* Begin PBXVariantGroup section */
		BADA6FC41DFA691A009B1600 /* Main.storyboard */ = {
			isa = PBXVariantGroup;
			children = (
				BADA6FC51DFA691A009B1600 /* Base */,
			);
			name = Main.storyboard;
			sourceTree = "<group>";
		};
		BADA6FC91DFA691A009B1600 /* LaunchScreen.storyboard */ = {
			isa = PBXVariantGroup;
			children = (
				BADA6FCA1DFA691A009B1600 /* Base */,
			);
			name = LaunchScreen.storyboard;
			sourceTree = "<group>";
		};
/* End PBXVariantGroup section */

/* Begin XCBuildConfiguration section */
		BADA6FCD1DFA691A009B1600 /* Debug */ = {
			isa = XCBuildConfiguration;
			buildSettings = {
				ALWAYS_SEARCH_USER_PATHS = NO;
				CLANG_ANALYZER_NONNULL = YES;
				CLANG_CXX_LANGUAGE_STANDARD = "gnu++0x";
				CLANG_CXX_LIBRARY = "libc++";
				CLANG_ENABLE_MODULES = YES;
				CLANG_ENABLE_OBJC_ARC = YES;
				CLANG_WARN_BOOL_CONVERSION = YES;
				CLANG_WARN_CONSTANT_CONVERSION = YES;
				CLANG_WARN_DIRECT_OBJC_ISA_USAGE = YES_ERROR;
				CLANG_WARN_DOCUMENTATION_COMMENTS = YES;
				CLANG_WARN_EMPTY_BODY = YES;
				CLANG_WARN_ENUM_CONVERSION = YES;
				CLANG_WARN_INFINITE_RECURSION = YES;
				CLANG_WARN_INT_CONVERSION = YES;
				CLANG_WARN_OBJC_ROOT_CLASS = YES_ERROR;
				CLANG_WARN_SUSPICIOUS_MOVES = YES;
				CLANG_WARN_UNREACHABLE_CODE = YES;
				CLANG_WARN__DUPLICATE_METHOD_MATCH = YES;
				"CODE_SIGN_IDENTITY[sdk=iphoneos*]" = "iPhone Developer";
				COPY_PHASE_STRIP = NO;
				DEBUG_INFORMATION_FORMAT = dwarf;
				ENABLE_STRICT_OBJC_MSGSEND = YES;
				ENABLE_TESTABILITY = YES;
				GCC_C_LANGUAGE_STANDARD = gnu99;
				GCC_DYNAMIC_NO_PIC = NO;
				GCC_NO_COMMON_BLOCKS = YES;
				GCC_OPTIMIZATION_LEVEL = 0;
				GCC_PREPROCESSOR_DEFINITIONS = (
					"DEBUG=1",
					"$(inherited)",
				);
				GCC_WARN_64_TO_32_BIT_CONVERSION = YES;
				GCC_WARN_ABOUT_RETURN_TYPE = YES_ERROR;
				GCC_WARN_UNDECLARED_SELECTOR = YES;
				GCC_WARN_UNINITIALIZED_AUTOS = YES_AGGRESSIVE;
				GCC_WARN_UNUSED_FUNCTION = YES;
				GCC_WARN_UNUSED_VARIABLE = YES;
				IPHONEOS_DEPLOYMENT_TARGET = 10.1;
				MTL_ENABLE_DEBUG_INFO = YES;
				ONLY_ACTIVE_ARCH = YES;
				SDKROOT = iphoneos;
				TARGETED_DEVICE_FAMILY = "1,2";
			};
			name = Debug;
		};
		BADA6FCE1DFA691A009B1600 /* Release */ = {
			isa = XCBuildConfiguration;
			buildSettings = {
				ALWAYS_SEARCH_USER_PATHS = NO;
				CLANG_ANALYZER_NONNULL = YES;
				CLANG_CXX_LANGUAGE_STANDARD = "gnu++0x";
				CLANG_CXX_LIBRARY = "libc++";
				CLANG_ENABLE_MODULES = YES;
				CLANG_ENABLE_OBJC_ARC = YES;
				CLANG_WARN_BOOL_CONVERSION = YES;
				CLANG_WARN_CONSTANT_CONVERSION = YES;
				CLANG_WARN_DIRECT_OBJC_ISA_USAGE = YES_ERROR;
				CLANG_WARN_DOCUMENTATION_COMMENTS = YES;
				CLANG_WARN_EMPTY_BODY = YES;
				CLANG_WARN_ENUM_CONVERSION = YES;
				CLANG_WARN_INFINITE_RECURSION = YES;
				CLANG_WARN_INT_CONVERSION = YES;
				CLANG_WARN_OBJC_ROOT_CLASS = YES_ERROR;
				CLANG_WARN_SUSPICIOUS_MOVES = YES;
				CLANG_WARN_UNREACHABLE_CODE = YES;
				CLANG_WARN__DUPLICATE_METHOD_MATCH = YES;
				"CODE_SIGN_IDENTITY[sdk=iphoneos*]" = "iPhone Developer";
				COPY_PHASE_STRIP = NO;
				DEBUG_INFORMATION_FORMAT = "dwarf-with-dsym";
				ENABLE_NS_ASSERTIONS = NO;
				ENABLE_STRICT_OBJC_MSGSEND = YES;
				GCC_C_LANGUAGE_STANDARD = gnu99;
				GCC_NO_COMMON_BLOCKS = YES;
				GCC_WARN_64_TO_32_BIT_CONVERSION = YES;
				GCC_WARN_ABOUT_RETURN_TYPE = YES_ERROR;
				GCC_WARN_UNDECLARED_SELECTOR = YES;
				GCC_WARN_UNINITIALIZED_AUTOS = YES_AGGRESSIVE;
				GCC_WARN_UNUSED_FUNCTION = YES;
				GCC_WARN_UNUSED_VARIABLE = YES;
				IPHONEOS_DEPLOYMENT_TARGET = 10.1;
				MTL_ENABLE_DEBUG_INFO = NO;
				SDKROOT = iphoneos;
				TARGETED_DEVICE_FAMILY = "1,2";
				VALIDATE_PRODUCT = YES;
			};
			name = Release;
		};
		BADA6FD01DFA691A009B1600 /* Debug */ = {
			isa = XCBuildConfiguration;
			buildSettings = {
				ASSETCATALOG_COMPILER_APPICON_NAME = AppIcon;
				DEVELOPMENT_TEAM = 3J2S4R2776;
				INFOPLIST_FILE = YNCircleAnimation/Info.plist;
				LD_RUNPATH_SEARCH_PATHS = "$(inherited) @executable_path/Frameworks";
				PRODUCT_BUNDLE_IDENTIFIER = Jessica.YNCircleAnimation;
				PRODUCT_NAME = "$(TARGET_NAME)";
			};
			name = Debug;
		};
		BADA6FD11DFA691A009B1600 /* Release */ = {
			isa = XCBuildConfiguration;
			buildSettings = {
				ASSETCATALOG_COMPILER_APPICON_NAME = AppIcon;
				DEVELOPMENT_TEAM = 3J2S4R2776;
				INFOPLIST_FILE = YNCircleAnimation/Info.plist;
				LD_RUNPATH_SEARCH_PATHS = "$(inherited) @executable_path/Frameworks";
				PRODUCT_BUNDLE_IDENTIFIER = Jessica.YNCircleAnimation;
				PRODUCT_NAME = "$(TARGET_NAME)";
			};
			name = Release;
		};
/* End XCBuildConfiguration section */

/* Begin XCConfigurationList section */
		BADA6FB31DFA6919009B1600 /* Build configuration list for PBXProject "YNCircleAnimation" */ = {
			isa = XCConfigurationList;
			buildConfigurations = (
				BADA6FCD1DFA691A009B1600 /* Debug */,
				BADA6FCE1DFA691A009B1600 /* Release */,
			);
			defaultConfigurationIsVisible = 0;
			defaultConfigurationName = Release;
		};
		BADA6FCF1DFA691A009B1600 /* Build configuration list for PBXNativeTarget "YNCircleAnimation" */ = {
			isa = XCConfigurationList;
			buildConfigurations = (
				BADA6FD01DFA691A009B1600 /* Debug */,
				BADA6FD11DFA691A009B1600 /* Release */,
			);
			defaultConfigurationIsVisible = 0;
			defaultConfigurationName = Release;
		};
/* End XCConfigurationList section */
	};
	rootObject = BADA6FB01DFA6919009B1600 /* Project object */;
}
